
Microsoft Visual Studio Solution File, Format Version 12.00
# Visual Studio Version 17
VisualStudioVersion = 17.0.31717.71
MinimumVisualStudioVersion = 10.0.40219.1
Project("{9A19103F-16F7-4668-BE54-9A1E7A4F7556}") = "Millheat.Api", "Millheat.Api\Millheat.Api.csproj", "{1351D632-A8B6-4C54-BCFC-6327C9C68EFB}"
EndProject
Project("{9A19103F-16F7-4668-BE54-9A1E7A4F7556}") = "Millheat.Console", "Millheat.Console\Millheat.Console.csproj", "{88E49D62-C67C-42B4-8519-1D46E4D25E21}"
EndProject
Global
	GlobalSection(SolutionConfigurationPlatforms) = preSolution
		Debug|Any CPU = Debug|Any CPU
		Release|Any CPU = Release|Any CPU
	EndGlobalSection
	GlobalSection(ProjectConfigurationPlatforms) = postSolution
		{1351D632-A8B6-4C54-BCFC-6327C9C68EFB}.Debug|Any CPU.ActiveCfg = Debug|Any CPU
		{1351D632-A8B6-4C54-BCFC-6327C9C68EFB}.Debug|Any CPU.Build.0 = Debug|Any CPU
		{1351D632-A8B6-4C54-BCFC-6327C9C68EFB}.Release|Any CPU.ActiveCfg = Release|Any CPU
		{1351D632-A8B6-4C54-BCFC-6327C9C68EFB}.Release|Any CPU.Build.0 = Release|Any CPU
		{88E49D62-C67C-42B4-8519-1D46E4D25E21}.Debug|Any CPU.ActiveCfg = Debug|Any CPU
		{88E49D62-C67C-42B4-8519-1D46E4D25E21}.Debug|Any CPU.Build.0 = Debug|Any CPU
		{88E49D62-C67C-42B4-8519-1D46E4D25E21}.Release|Any CPU.ActiveCfg = Release|Any CPU
		{88E49D62-C67C-42B4-8519-1D46E4D25E21}.Release|Any CPU.Build.0 = Release|Any CPU
	EndGlobalSection
	GlobalSection(SolutionProperties) = preSolution
		HideSolutionNode = FALSE
	EndGlobalSection
	GlobalSection(ExtensibilityGlobals) = postSolution
		SolutionGuid = {BBFAF908-1881-45A0-8FE5-CF6FF789412C}
	EndGlobalSection
EndGlobal
